
Microsoft Visual Studio Solution File, Format Version 12.00
# Visual Studio Version 16
VisualStudioVersion = 16.0.30413.136
MinimumVisualStudioVersion = 10.0.40219.1
Project("{00D1A9C2-B5F0-4AF3-8072-F6C62B433612}") = "DB_ProjetLocation", "DB_ProjetLocation\DB_ProjetLocation.sqlproj", "{91C7C628-0514-4765-9512-761611CC67D3}"
EndProject
Project("{2150E333-8FDC-42A3-9474-1A3956D46DE8}") = "DAL", "DAL", "{E94CA195-5510-4512-8AE8-0EE8FD869D41}"
EndProject
Project("{2150E333-8FDC-42A3-9474-1A3956D46DE8}") = "DB", "DB", "{45714EF8-2C3E-4087-99FC-217B1CEEA980}"
EndProject
Project("{2150E333-8FDC-42A3-9474-1A3956D46DE8}") = "API", "API", "{969141B3-E873-4599-8D75-415069C348C5}"
EndProject
Project("{9A19103F-16F7-4668-BE54-9A1E7A4F7556}") = "ProjetLocation.API", "ProjetLocation_API\ProjetLocation.API.csproj", "{38BC3799-5352-4FAE-B880-E0B2A1FFE72B}"
EndProject
Project("{2150E333-8FDC-42A3-9474-1A3956D46DE8}") = "Tools", "Tools", "{94B1B9BB-B4B2-491E-A023-1347194C9B1E}"
EndProject
Project("{2150E333-8FDC-42A3-9474-1A3956D46DE8}") = "Database", "Database", "{06DE07E5-4AAB-4F5A-BE57-A77EDDC22D17}"
EndProject
Project("{2150E333-8FDC-42A3-9474-1A3956D46DE8}") = "Security", "Security", "{F222B03F-9B08-43FC-B79E-CD4BE35E8C33}"
EndProject
Project("{9A19103F-16F7-4668-BE54-9A1E7A4F7556}") = "Tools.Database", "Tools\Tools.Database\Tools.Database.csproj", "{4E176D60-95B4-48D0-B697-9F0230140690}"
EndProject
Project("{2150E333-8FDC-42A3-9474-1A3956D46DE8}") = "Token", "Token", "{CB2F727D-5FFF-4D6F-AAD6-35303ABDCB18}"
EndProject
Project("{2150E333-8FDC-42A3-9474-1A3956D46DE8}") = "RSA", "RSA", "{7D5D9F12-995E-4F12-8115-A1D867DD4373}"
EndProject
Project("{9A19103F-16F7-4668-BE54-9A1E7A4F7556}") = "Tools.Security.Token", "Tools\Tools.Security.Token\Tools.Security.Token.csproj", "{40AECA73-1082-49D3-A1D3-F1158D702B9A}"
EndProject
Project("{9A19103F-16F7-4668-BE54-9A1E7A4F7556}") = "Tools.Security.RSA", "Tools\Tools.Security.RSA\Tools.Security.RSA.csproj", "{5FAA26E3-CA49-4503-83AB-0E2A9E25E2A4}"
EndProject
Project("{2150E333-8FDC-42A3-9474-1A3956D46DE8}") = "IRepository", "IRepository", "{AA4F2ECB-5F69-49FF-B9B1-FE6C62FC53E9}"
EndProject
Project("{2150E333-8FDC-42A3-9474-1A3956D46DE8}") = "Repository", "Repository", "{D39888D5-EF2C-48CA-9942-5180F4312EEB}"
EndProject
Project("{2150E333-8FDC-42A3-9474-1A3956D46DE8}") = "Models", "Models", "{752F1B72-8A1C-4662-B6B9-086C167640C8}"
EndProject
Project("{FAE04EC0-301F-11D3-BF4B-00C04F79EFBC}") = "DAL.Models", "DAL.Model\DAL.Models.csproj", "{A54E7A06-CE7B-457F-81ED-72DD9B9479F1}"
EndProject
Project("{FAE04EC0-301F-11D3-BF4B-00C04F79EFBC}") = "DAL.Repositories", "DAL.Repositories\DAL.Repositories.csproj", "{9F9E994F-A061-4A42-AE26-DAB8F74F096E}"
EndProject
Project("{FAE04EC0-301F-11D3-BF4B-00C04F79EFBC}") = "DAL.IRepositories", "DAL.IRepositories\DAL.IRepositories.csproj", "{729F6164-9749-4DC4-95A2-011953C68FF9}"
EndProject
Global
	GlobalSection(SolutionConfigurationPlatforms) = preSolution
		Debug|Any CPU = Debug|Any CPU
		Release|Any CPU = Release|Any CPU
	EndGlobalSection
	GlobalSection(ProjectConfigurationPlatforms) = postSolution
		{91C7C628-0514-4765-9512-761611CC67D3}.Debug|Any CPU.ActiveCfg = Debug|Any CPU
		{91C7C628-0514-4765-9512-761611CC67D3}.Debug|Any CPU.Build.0 = Debug|Any CPU
		{91C7C628-0514-4765-9512-761611CC67D3}.Debug|Any CPU.Deploy.0 = Debug|Any CPU
		{91C7C628-0514-4765-9512-761611CC67D3}.Release|Any CPU.ActiveCfg = Release|Any CPU
		{91C7C628-0514-4765-9512-761611CC67D3}.Release|Any CPU.Build.0 = Release|Any CPU
		{91C7C628-0514-4765-9512-761611CC67D3}.Release|Any CPU.Deploy.0 = Release|Any CPU
		{38BC3799-5352-4FAE-B880-E0B2A1FFE72B}.Debug|Any CPU.ActiveCfg = Debug|Any CPU
		{38BC3799-5352-4FAE-B880-E0B2A1FFE72B}.Debug|Any CPU.Build.0 = Debug|Any CPU
		{38BC3799-5352-4FAE-B880-E0B2A1FFE72B}.Release|Any CPU.ActiveCfg = Release|Any CPU
		{38BC3799-5352-4FAE-B880-E0B2A1FFE72B}.Release|Any CPU.Build.0 = Release|Any CPU
		{4E176D60-95B4-48D0-B697-9F0230140690}.Debug|Any CPU.ActiveCfg = Debug|Any CPU
		{4E176D60-95B4-48D0-B697-9F0230140690}.Debug|Any CPU.Build.0 = Debug|Any CPU
		{4E176D60-95B4-48D0-B697-9F0230140690}.Release|Any CPU.ActiveCfg = Release|Any CPU
		{4E176D60-95B4-48D0-B697-9F0230140690}.Release|Any CPU.Build.0 = Release|Any CPU
		{40AECA73-1082-49D3-A1D3-F1158D702B9A}.Debug|Any CPU.ActiveCfg = Debug|Any CPU
		{40AECA73-1082-49D3-A1D3-F1158D702B9A}.Debug|Any CPU.Build.0 = Debug|Any CPU
		{40AECA73-1082-49D3-A1D3-F1158D702B9A}.Release|Any CPU.ActiveCfg = Release|Any CPU
		{40AECA73-1082-49D3-A1D3-F1158D702B9A}.Release|Any CPU.Build.0 = Release|Any CPU
		{5FAA26E3-CA49-4503-83AB-0E2A9E25E2A4}.Debug|Any CPU.ActiveCfg = Debug|Any CPU
		{5FAA26E3-CA49-4503-83AB-0E2A9E25E2A4}.Debug|Any CPU.Build.0 = Debug|Any CPU
		{5FAA26E3-CA49-4503-83AB-0E2A9E25E2A4}.Release|Any CPU.ActiveCfg = Release|Any CPU
		{5FAA26E3-CA49-4503-83AB-0E2A9E25E2A4}.Release|Any CPU.Build.0 = Release|Any CPU
		{A54E7A06-CE7B-457F-81ED-72DD9B9479F1}.Debug|Any CPU.ActiveCfg = Debug|Any CPU
		{A54E7A06-CE7B-457F-81ED-72DD9B9479F1}.Debug|Any CPU.Build.0 = Debug|Any CPU
		{A54E7A06-CE7B-457F-81ED-72DD9B9479F1}.Release|Any CPU.ActiveCfg = Release|Any CPU
		{A54E7A06-CE7B-457F-81ED-72DD9B9479F1}.Release|Any CPU.Build.0 = Release|Any CPU
		{9F9E994F-A061-4A42-AE26-DAB8F74F096E}.Debug|Any CPU.ActiveCfg = Debug|Any CPU
		{9F9E994F-A061-4A42-AE26-DAB8F74F096E}.Debug|Any CPU.Build.0 = Debug|Any CPU
		{9F9E994F-A061-4A42-AE26-DAB8F74F096E}.Release|Any CPU.ActiveCfg = Release|Any CPU
		{9F9E994F-A061-4A42-AE26-DAB8F74F096E}.Release|Any CPU.Build.0 = Release|Any CPU
		{729F6164-9749-4DC4-95A2-011953C68FF9}.Debug|Any CPU.ActiveCfg = Debug|Any CPU
		{729F6164-9749-4DC4-95A2-011953C68FF9}.Debug|Any CPU.Build.0 = Debug|Any CPU
		{729F6164-9749-4DC4-95A2-011953C68FF9}.Release|Any CPU.ActiveCfg = Release|Any CPU
		{729F6164-9749-4DC4-95A2-011953C68FF9}.Release|Any CPU.Build.0 = Release|Any CPU
	EndGlobalSection
	GlobalSection(SolutionProperties) = preSolution
		HideSolutionNode = FALSE
	EndGlobalSection
	GlobalSection(NestedProjects) = preSolution
		{91C7C628-0514-4765-9512-761611CC67D3} = {45714EF8-2C3E-4087-99FC-217B1CEEA980}
		{38BC3799-5352-4FAE-B880-E0B2A1FFE72B} = {969141B3-E873-4599-8D75-415069C348C5}
		{06DE07E5-4AAB-4F5A-BE57-A77EDDC22D17} = {94B1B9BB-B4B2-491E-A023-1347194C9B1E}
		{F222B03F-9B08-43FC-B79E-CD4BE35E8C33} = {94B1B9BB-B4B2-491E-A023-1347194C9B1E}
		{4E176D60-95B4-48D0-B697-9F0230140690} = {06DE07E5-4AAB-4F5A-BE57-A77EDDC22D17}
		{CB2F727D-5FFF-4D6F-AAD6-35303ABDCB18} = {F222B03F-9B08-43FC-B79E-CD4BE35E8C33}
		{7D5D9F12-995E-4F12-8115-A1D867DD4373} = {F222B03F-9B08-43FC-B79E-CD4BE35E8C33}
		{40AECA73-1082-49D3-A1D3-F1158D702B9A} = {CB2F727D-5FFF-4D6F-AAD6-35303ABDCB18}
		{5FAA26E3-CA49-4503-83AB-0E2A9E25E2A4} = {7D5D9F12-995E-4F12-8115-A1D867DD4373}
		{AA4F2ECB-5F69-49FF-B9B1-FE6C62FC53E9} = {E94CA195-5510-4512-8AE8-0EE8FD869D41}
		{D39888D5-EF2C-48CA-9942-5180F4312EEB} = {E94CA195-5510-4512-8AE8-0EE8FD869D41}
		{752F1B72-8A1C-4662-B6B9-086C167640C8} = {E94CA195-5510-4512-8AE8-0EE8FD869D41}
		{A54E7A06-CE7B-457F-81ED-72DD9B9479F1} = {752F1B72-8A1C-4662-B6B9-086C167640C8}
		{9F9E994F-A061-4A42-AE26-DAB8F74F096E} = {D39888D5-EF2C-48CA-9942-5180F4312EEB}
		{729F6164-9749-4DC4-95A2-011953C68FF9} = {AA4F2ECB-5F69-49FF-B9B1-FE6C62FC53E9}
	EndGlobalSection
	GlobalSection(ExtensibilityGlobals) = postSolution
		SolutionGuid = {979E6E43-1744-4F4E-864E-B88DF6F83591}
	EndGlobalSection
EndGlobal
