
Microsoft Visual Studio Solution File, Format Version 12.00
# Visual Studio Version 16
VisualStudioVersion = 16.0.30413.136
MinimumVisualStudioVersion = 10.0.40219.1
Project("{00D1A9C2-B5F0-4AF3-8072-F6C62B433612}") = "DB_ProjetLocation", "DB_ProjetLocation\DB_ProjetLocation.sqlproj", "{91C7C628-0514-4765-9512-761611CC67D3}"
EndProject
Project("{2150E333-8FDC-42A3-9474-1A3956D46DE8}") = "DAL", "DAL", "{E94CA195-5510-4512-8AE8-0EE8FD869D41}"
EndProject
Project("{2150E333-8FDC-42A3-9474-1A3956D46DE8}") = "Database", "Database", "{45714EF8-2C3E-4087-99FC-217B1CEEA980}"
EndProject
Project("{2150E333-8FDC-42A3-9474-1A3956D46DE8}") = "API", "API", "{969141B3-E873-4599-8D75-415069C348C5}"
EndProject
Project("{FAE04EC0-301F-11D3-BF4B-00C04F79EFBC}") = "ProjetLocation_API", "ProjetLocation_API\ProjetLocation_API.csproj", "{38BC3799-5352-4FAE-B880-E0B2A1FFE72B}"
EndProject
Global
	GlobalSection(SolutionConfigurationPlatforms) = preSolution
		Debug|Any CPU = Debug|Any CPU
		Release|Any CPU = Release|Any CPU
	EndGlobalSection
	GlobalSection(ProjectConfigurationPlatforms) = postSolution
		{91C7C628-0514-4765-9512-761611CC67D3}.Debug|Any CPU.ActiveCfg = Debug|Any CPU
		{91C7C628-0514-4765-9512-761611CC67D3}.Debug|Any CPU.Build.0 = Debug|Any CPU
		{91C7C628-0514-4765-9512-761611CC67D3}.Debug|Any CPU.Deploy.0 = Debug|Any CPU
		{91C7C628-0514-4765-9512-761611CC67D3}.Release|Any CPU.ActiveCfg = Release|Any CPU
		{91C7C628-0514-4765-9512-761611CC67D3}.Release|Any CPU.Build.0 = Release|Any CPU
		{91C7C628-0514-4765-9512-761611CC67D3}.Release|Any CPU.Deploy.0 = Release|Any CPU
		{38BC3799-5352-4FAE-B880-E0B2A1FFE72B}.Debug|Any CPU.ActiveCfg = Debug|Any CPU
		{38BC3799-5352-4FAE-B880-E0B2A1FFE72B}.Debug|Any CPU.Build.0 = Debug|Any CPU
		{38BC3799-5352-4FAE-B880-E0B2A1FFE72B}.Release|Any CPU.ActiveCfg = Release|Any CPU
		{38BC3799-5352-4FAE-B880-E0B2A1FFE72B}.Release|Any CPU.Build.0 = Release|Any CPU
	EndGlobalSection
	GlobalSection(SolutionProperties) = preSolution
		HideSolutionNode = FALSE
	EndGlobalSection
	GlobalSection(NestedProjects) = preSolution
		{91C7C628-0514-4765-9512-761611CC67D3} = {45714EF8-2C3E-4087-99FC-217B1CEEA980}
		{45714EF8-2C3E-4087-99FC-217B1CEEA980} = {E94CA195-5510-4512-8AE8-0EE8FD869D41}
		{38BC3799-5352-4FAE-B880-E0B2A1FFE72B} = {969141B3-E873-4599-8D75-415069C348C5}
	EndGlobalSection
	GlobalSection(ExtensibilityGlobals) = postSolution
		SolutionGuid = {979E6E43-1744-4F4E-864E-B88DF6F83591}
	EndGlobalSection
EndGlobal
